
Microsoft Visual Studio Solution File, Format Version 12.00
# Visual Studio Version 17
VisualStudioVersion = 17.2.32630.192
MinimumVisualStudioVersion = 10.0.40219.1
Project("{9A19103F-16F7-4668-BE54-9A1E7A4F7556}") = "TBC_API", "TBC_API\TBC_API.csproj", "{6F7D0828-0156-4745-89BD-7336A2D445A6}"
EndProject
Project("{9A19103F-16F7-4668-BE54-9A1E7A4F7556}") = "Repository", "Repository\Repository.csproj", "{A994D8EE-C9CB-48D1-AEA0-B4C667205E47}"
EndProject
Project("{9A19103F-16F7-4668-BE54-9A1E7A4F7556}") = "Fasade", "Fasade\Fasade.csproj", "{5CDCABC9-F534-4028-87D8-4780EA66E1F8}"
EndProject
Project("{9A19103F-16F7-4668-BE54-9A1E7A4F7556}") = "Service", "Service\Service.csproj", "{123BBA8B-DBEF-4F97-8B30-2A3A4BBF29A4}"
EndProject
Project("{FAE04EC0-301F-11D3-BF4B-00C04F79EFBC}") = "Mediator", "Mediator\Mediator.csproj", "{FADEC503-3C03-4846-8D46-14539E88DBBF}"
EndProject
Global
	GlobalSection(SolutionConfigurationPlatforms) = preSolution
		Debug|Any CPU = Debug|Any CPU
		Release|Any CPU = Release|Any CPU
	EndGlobalSection
	GlobalSection(ProjectConfigurationPlatforms) = postSolution
		{6F7D0828-0156-4745-89BD-7336A2D445A6}.Debug|Any CPU.ActiveCfg = Debug|Any CPU
		{6F7D0828-0156-4745-89BD-7336A2D445A6}.Debug|Any CPU.Build.0 = Debug|Any CPU
		{6F7D0828-0156-4745-89BD-7336A2D445A6}.Release|Any CPU.ActiveCfg = Release|Any CPU
		{6F7D0828-0156-4745-89BD-7336A2D445A6}.Release|Any CPU.Build.0 = Release|Any CPU
		{A994D8EE-C9CB-48D1-AEA0-B4C667205E47}.Debug|Any CPU.ActiveCfg = Debug|Any CPU
		{A994D8EE-C9CB-48D1-AEA0-B4C667205E47}.Debug|Any CPU.Build.0 = Debug|Any CPU
		{A994D8EE-C9CB-48D1-AEA0-B4C667205E47}.Release|Any CPU.ActiveCfg = Release|Any CPU
		{A994D8EE-C9CB-48D1-AEA0-B4C667205E47}.Release|Any CPU.Build.0 = Release|Any CPU
		{5CDCABC9-F534-4028-87D8-4780EA66E1F8}.Debug|Any CPU.ActiveCfg = Debug|Any CPU
		{5CDCABC9-F534-4028-87D8-4780EA66E1F8}.Debug|Any CPU.Build.0 = Debug|Any CPU
		{5CDCABC9-F534-4028-87D8-4780EA66E1F8}.Release|Any CPU.ActiveCfg = Release|Any CPU
		{5CDCABC9-F534-4028-87D8-4780EA66E1F8}.Release|Any CPU.Build.0 = Release|Any CPU
		{123BBA8B-DBEF-4F97-8B30-2A3A4BBF29A4}.Debug|Any CPU.ActiveCfg = Debug|Any CPU
		{123BBA8B-DBEF-4F97-8B30-2A3A4BBF29A4}.Debug|Any CPU.Build.0 = Debug|Any CPU
		{123BBA8B-DBEF-4F97-8B30-2A3A4BBF29A4}.Release|Any CPU.ActiveCfg = Release|Any CPU
		{123BBA8B-DBEF-4F97-8B30-2A3A4BBF29A4}.Release|Any CPU.Build.0 = Release|Any CPU
		{FADEC503-3C03-4846-8D46-14539E88DBBF}.Debug|Any CPU.ActiveCfg = Debug|Any CPU
		{FADEC503-3C03-4846-8D46-14539E88DBBF}.Debug|Any CPU.Build.0 = Debug|Any CPU
		{FADEC503-3C03-4846-8D46-14539E88DBBF}.Release|Any CPU.ActiveCfg = Release|Any CPU
		{FADEC503-3C03-4846-8D46-14539E88DBBF}.Release|Any CPU.Build.0 = Release|Any CPU
	EndGlobalSection
	GlobalSection(SolutionProperties) = preSolution
		HideSolutionNode = FALSE
	EndGlobalSection
	GlobalSection(ExtensibilityGlobals) = postSolution
		SolutionGuid = {62249149-9620-4FC9-A322-E9EA47A60457}
	EndGlobalSection
EndGlobal
